{
  "requires": true,
  "lockfileVersion": 1,
  "dependencies": {
    "tabby-background": {
      "version": "2.0.0",
      "resolved": "https://registry.npmjs.org/tabby-background/-/tabby-background-2.0.0.tgz",
      "integrity": "sha512-eVLuNP7Wa23OQpad+UWH2WZPZo+wfTcIDnikeDCx611pynvzRJ907t9EhItmW5zvg0EZNbbVqu7AFLZ74a0JDQ=="
    }
  }
}
